Microsoft Visual Studio Solution File, Format Version 12.00
# Visual Studio Version 16
VisualStudioVersion = 16.0.29613.14
MinimumVisualStudioVersion = 10.0.40219.1
Project("{9A19103F-16F7-4668-BE54-9A1E7A4F7556}") = "FullStackDevExercise", "FullStackDevExercise.csproj", "{542ECDF8-1D80-4EA5-84E9-B05C258B9F05}"
EndProject
Project("{FAE04EC0-301F-11D3-BF4B-00C04F79EFBC}") = "MedStudy", "..\MedStudy\MedStudy.csproj", "{DFBD63BD-2A21-4EB1-8AA5-080CEAA161F8}"
EndProject
Project("{FAE04EC0-301F-11D3-BF4B-00C04F79EFBC}") = "MedStudy.UnitTest", "..\MedStudy.UnitTest\MedStudy.UnitTest.csproj", "{78A56232-F6D2-4262-AE63-18400B05E7C5}"
EndProject
Project("{FAE04EC0-301F-11D3-BF4B-00C04F79EFBC}") = "MedStudy.IntegrationTest", "..\MedStudy.IntegrationTest\MedStudy.IntegrationTest.csproj", "{6DD0135D-8D70-4C25-9C72-D71A4FA21A9C}"
EndProject
Project("{FAE04EC0-301F-11D3-BF4B-00C04F79EFBC}") = "MedStudy.Enterprise.Common", "..\MedStudy.Enterprise.Common\MedStudy.Enterprise.Common.csproj", "{B2B72BB2-B838-41C7-AB25-D0201944BA65}"
EndProject
Global
	GlobalSection(SolutionConfigurationPlatforms) = preSolution
		Debug|Any CPU = Debug|Any CPU
		Release|Any CPU = Release|Any CPU
	EndGlobalSection
	GlobalSection(ProjectConfigurationPlatforms) = postSolution
		{542ECDF8-1D80-4EA5-84E9-B05C258B9F05}.Debug|Any CPU.ActiveCfg = Debug|Any CPU
		{542ECDF8-1D80-4EA5-84E9-B05C258B9F05}.Debug|Any CPU.Build.0 = Debug|Any CPU
		{542ECDF8-1D80-4EA5-84E9-B05C258B9F05}.Release|Any CPU.ActiveCfg = Release|Any CPU
		{542ECDF8-1D80-4EA5-84E9-B05C258B9F05}.Release|Any CPU.Build.0 = Release|Any CPU
		{DFBD63BD-2A21-4EB1-8AA5-080CEAA161F8}.Debug|Any CPU.ActiveCfg = Debug|Any CPU
		{DFBD63BD-2A21-4EB1-8AA5-080CEAA161F8}.Debug|Any CPU.Build.0 = Debug|Any CPU
		{DFBD63BD-2A21-4EB1-8AA5-080CEAA161F8}.Release|Any CPU.ActiveCfg = Release|Any CPU
		{DFBD63BD-2A21-4EB1-8AA5-080CEAA161F8}.Release|Any CPU.Build.0 = Release|Any CPU
		{78A56232-F6D2-4262-AE63-18400B05E7C5}.Debug|Any CPU.ActiveCfg = Debug|Any CPU
		{78A56232-F6D2-4262-AE63-18400B05E7C5}.Debug|Any CPU.Build.0 = Debug|Any CPU
		{78A56232-F6D2-4262-AE63-18400B05E7C5}.Release|Any CPU.ActiveCfg = Release|Any CPU
		{78A56232-F6D2-4262-AE63-18400B05E7C5}.Release|Any CPU.Build.0 = Release|Any CPU
		{6DD0135D-8D70-4C25-9C72-D71A4FA21A9C}.Debug|Any CPU.ActiveCfg = Debug|Any CPU
		{6DD0135D-8D70-4C25-9C72-D71A4FA21A9C}.Debug|Any CPU.Build.0 = Debug|Any CPU
		{6DD0135D-8D70-4C25-9C72-D71A4FA21A9C}.Release|Any CPU.ActiveCfg = Release|Any CPU
		{6DD0135D-8D70-4C25-9C72-D71A4FA21A9C}.Release|Any CPU.Build.0 = Release|Any CPU
		{B2B72BB2-B838-41C7-AB25-D0201944BA65}.Debug|Any CPU.ActiveCfg = Debug|Any CPU
		{B2B72BB2-B838-41C7-AB25-D0201944BA65}.Debug|Any CPU.Build.0 = Debug|Any CPU
		{B2B72BB2-B838-41C7-AB25-D0201944BA65}.Release|Any CPU.ActiveCfg = Release|Any CPU
		{B2B72BB2-B838-41C7-AB25-D0201944BA65}.Release|Any CPU.Build.0 = Release|Any CPU
	EndGlobalSection
	GlobalSection(SolutionProperties) = preSolution
		HideSolutionNode = FALSE
	EndGlobalSection
	GlobalSection(ExtensibilityGlobals) = postSolution
		SolutionGuid = {DA111159-E022-4FEC-B291-DD1CCDA5B2D9}
	EndGlobalSection
EndGlobal
